// !$*UTF8*$!
{
	archiveVersion = 1;
	classes = {
	};
	objectVersion = 46;
	objects = {

/* Begin PBXBuildFile section */
		A62834E71B8A6F4D00C67862 /* AppDelegate.swift in Sources */ = {isa = PBXBuildFile; fileRef = A62834E61B8A6F4D00C67862 /* AppDelegate.swift */; };
		A62834EA1B8A6F4D00C67862 /* SegmentedController.xcdatamodeld in Sources */ = {isa = PBXBuildFile; fileRef = A62834E81B8A6F4D00C67862 /* SegmentedController.xcdatamodeld */; };
		A62834EC1B8A6F4D00C67862 /* ViewController.swift in Sources */ = {isa = PBXBuildFile; fileRef = A62834EB1B8A6F4D00C67862 /* ViewController.swift */; };
		A62834EF1B8A6F4D00C67862 /* Main.storyboard in Resources */ = {isa = PBXBuildFile; fileRef = A62834ED1B8A6F4D00C67862 /* Main.storyboard */; };
		A62834F11B8A6F4D00C67862 /* Images.xcassets in Resources */ = {isa = PBXBuildFile; fileRef = A62834F01B8A6F4D00C67862 /* Images.xcassets */; };
		A62834F41B8A6F4D00C67862 /* LaunchScreen.xib in Resources */ = {isa = PBXBuildFile; fileRef = A62834F21B8A6F4D00C67862 /* LaunchScreen.xib */; };
		A62835001B8A6F4E00C67862 /* SegmentedControllerTests.swift in Sources */ = {isa = PBXBuildFile; fileRef = A62834FF1B8A6F4E00C67862 /* SegmentedControllerTests.swift */; };
/* End PBXBuildFile section */

/* Begin PBXContainerItemProxy section */
		A62834FA1B8A6F4E00C67862 /* PBXContainerItemProxy */ = {
			isa = PBXContainerItemProxy;
			containerPortal = A62834D91B8A6F4D00C67862 /* Project object */;
			proxyType = 1;
			remoteGlobalIDString = A62834E01B8A6F4D00C67862;
			remoteInfo = SegmentedController;
		};
/* End PBXContainerItemProxy section */

/* Begin PBXFileReference section */
		A62834E11B8A6F4D00C67862 /* SegmentedController.app */ = {isa = PBXFileReference; explicitFileType = wrapper.application; includeInIndex = 0; path = SegmentedController.app; sourceTree = BUILT_PRODUCTS_DIR; };
		A62834E51B8A6F4D00C67862 /* Info.plist */ = {isa = PBXFileReference; lastKnownFileType = text.plist.xml; path = Info.plist; sourceTree = "<group>"; };
		A62834E61B8A6F4D00C67862 /* AppDelegate.swift */ = {isa = PBXFileReference; lastKnownFileType = sourcecode.swift; path = AppDelegate.swift; sourceTree = "<group>"; };
		A62834E91B8A6F4D00C67862 /* SegmentedController.xcdatamodel */ = {isa = PBXFileReference; lastKnownFileType = wrapper.xcdatamodel; path = SegmentedController.xcdatamodel; sourceTree = "<group>"; };
		A62834EB1B8A6F4D00C67862 /* ViewController.swift */ = {isa = PBXFileReference; lastKnownFileType = sourcecode.swift; path = ViewController.swift; sourceTree = "<group>"; };
		A62834EE1B8A6F4D00C67862 /* Base */ = {isa = PBXFileReference; lastKnownFileType = file.storyboard; name = Base; path = Base.lproj/Main.storyboard; sourceTree = "<group>"; };
		A62834F01B8A6F4D00C67862 /* Images.xcassets */ = {isa = PBXFileReference; lastKnownFileType = folder.assetcatalog; path = Images.xcassets; sourceTree = "<group>"; };
		A62834F31B8A6F4D00C67862 /* Base */ = {isa = PBXFileReference; lastKnownFileType = file.xib; name = Base; path = Base.lproj/LaunchScreen.xib; sourceTree = "<group>"; };
		A62834F91B8A6F4E00C67862 /* SegmentedControllerTests.xctest */ = {isa = PBXFileReference; explicitFileType = wrapper.cfbundle; includeInIndex = 0; path = SegmentedControllerTests.xctest; sourceTree = BUILT_PRODUCTS_DIR; };
		A62834FE1B8A6F4E00C67862 /* Info.plist */ = {isa = PBXFileReference; lastKnownFileType = text.plist.xml; path = Info.plist; sourceTree = "<group>"; };
		A62834FF1B8A6F4E00C67862 /* SegmentedControllerTests.swift */ = {isa = PBXFileReference; lastKnownFileType = sourcecode.swift; path = SegmentedControllerTests.swift; sourceTree = "<group>"; };
/* End PBXFileReference section */

/* Begin PBXFrameworksBuildPhase section */
		A62834DE1B8A6F4D00C67862 /* Frameworks */ = {
			isa = PBXFrameworksBuildPhase;
			buildActionMask = 2147483647;
			files = (
			);
			runOnlyForDeploymentPostprocessing = 0;
		};
		A62834F61B8A6F4E00C67862 /* Frameworks */ = {
			isa = PBXFrameworksBuildPhase;
			buildActionMask = 2147483647;
			files = (
			);
			runOnlyForDeploymentPostprocessing = 0;
		};
/* End PBXFrameworksBuildPhase section */

/* Begin PBXGroup section */
		A62834D81B8A6F4D00C67862 = {
			isa = PBXGroup;
			children = (
				A62834E31B8A6F4D00C67862 /* SegmentedController */,
				A62834FC1B8A6F4E00C67862 /* SegmentedControllerTests */,
				A62834E21B8A6F4D00C67862 /* Products */,
			);
			sourceTree = "<group>";
		};
		A62834E21B8A6F4D00C67862 /* Products */ = {
			isa = PBXGroup;
			children = (
				A62834E11B8A6F4D00C67862 /* SegmentedController.app */,
				A62834F91B8A6F4E00C67862 /* SegmentedControllerTests.xctest */,
			);
			name = Products;
			sourceTree = "<group>";
		};
		A62834E31B8A6F4D00C67862 /* SegmentedController */ = {
			isa = PBXGroup;
			children = (
				A62834E61B8A6F4D00C67862 /* AppDelegate.swift */,
				A62834EB1B8A6F4D00C67862 /* ViewController.swift */,
				A62834ED1B8A6F4D00C67862 /* Main.storyboard */,
				A62834F01B8A6F4D00C67862 /* Images.xcassets */,
				A62834F21B8A6F4D00C67862 /* LaunchScreen.xib */,
				A62834E81B8A6F4D00C67862 /* SegmentedController.xcdatamodeld */,
				A62834E41B8A6F4D00C67862 /* Supporting Files */,
			);
			path = SegmentedController;
			sourceTree = "<group>";
		};
		A62834E41B8A6F4D00C67862 /* Supporting Files */ = {
			isa = PBXGroup;
			children = (
				A62834E51B8A6F4D00C67862 /* Info.plist */,
			);
			name = "Supporting Files";
			sourceTree = "<group>";
		};
		A62834FC1B8A6F4E00C67862 /* SegmentedControllerTests */ = {
			isa = PBXGroup;
			children = (
				A62834FF1B8A6F4E00C67862 /* SegmentedControllerTests.swift */,
				A62834FD1B8A6F4E00C67862 /* Supporting Files */,
			);
			path = SegmentedControllerTests;
			sourceTree = "<group>";
		};
		A62834FD1B8A6F4E00C67862 /* Supporting Files */ = {
			isa = PBXGroup;
			children = (
				A62834FE1B8A6F4E00C67862 /* Info.plist */,
			);
			name = "Supporting Files";
			sourceTree = "<group>";
		};
/* End PBXGroup section */

/* Begin PBXNativeTarget section */
		A62834E01B8A6F4D00C67862 /* SegmentedController */ = {
			isa = PBXNativeTarget;
			buildConfigurationList = A62835031B8A6F4E00C67862 /* Build configuration list for PBXNativeTarget "SegmentedController" */;
			buildPhases = (
				A62834DD1B8A6F4D00C67862 /* Sources */,
				A62834DE1B8A6F4D00C67862 /* Frameworks */,
				A62834DF1B8A6F4D00C67862 /* Resources */,
			);
			buildRules = (
			);
			dependencies = (
			);
			name = SegmentedController;
			productName = SegmentedController;
			productReference = A62834E11B8A6F4D00C67862 /* SegmentedController.app */;
			productType = "com.apple.product-type.application";
		};
		A62834F81B8A6F4E00C67862 /* SegmentedControllerTests */ = {
			isa = PBXNativeTarget;
			buildConfigurationList = A62835061B8A6F4E00C67862 /* Build configuration list for PBXNativeTarget "SegmentedControllerTests" */;
			buildPhases = (
				A62834F51B8A6F4E00C67862 /* Sources */,
				A62834F61B8A6F4E00C67862 /* Frameworks */,
				A62834F71B8A6F4E00C67862 /* Resources */,
			);
			buildRules = (
			);
			dependencies = (
				A62834FB1B8A6F4E00C67862 /* PBXTargetDependency */,
			);
			name = SegmentedControllerTests;
			productName = SegmentedControllerTests;
			productReference = A62834F91B8A6F4E00C67862 /* SegmentedControllerTests.xctest */;
			productType = "com.apple.product-type.bundle.unit-test";
		};
/* End PBXNativeTarget section */

/* Begin PBXProject section */
		A62834D91B8A6F4D00C67862 /* Project object */ = {
			isa = PBXProject;
			attributes = {
				LastUpgradeCheck = 0640;
				ORGANIZATIONNAME = DevBros;
				TargetAttributes = {
					A62834E01B8A6F4D00C67862 = {
						CreatedOnToolsVersion = 6.4;
					};
					A62834F81B8A6F4E00C67862 = {
						CreatedOnToolsVersion = 6.4;
						TestTargetID = A62834E01B8A6F4D00C67862;
					};
				};
			};
			buildConfigurationList = A62834DC1B8A6F4D00C67862 /* Build configuration list for PBXProject "SegmentedController" */;
			compatibilityVersion = "Xcode 3.2";
			developmentRegion = English;
			hasScannedForEncodings = 0;
			knownRegions = (
				en,
				Base,
			);
			mainGroup = A62834D81B8A6F4D00C67862;
			productRefGroup = A62834E21B8A6F4D00C67862 /* Products */;
			projectDirPath = "";
			projectRoot = "";
			targets = (
				A62834E01B8A6F4D00C67862 /* SegmentedController */,
				A62834F81B8A6F4E00C67862 /* SegmentedControllerTests */,
			);
		};
/* End PBXProject section */

/* Begin PBXResourcesBuildPhase section */
		A62834DF1B8A6F4D00C67862 /* Resources */ = {
			isa = PBXResourcesBuildPhase;
			buildActionMask = 2147483647;
			files = (
				A62834EF1B8A6F4D00C67862 /* Main.storyboard in Resources */,
				A62834F41B8A6F4D00C67862 /* LaunchScreen.xib in Resources */,
				A62834F11B8A6F4D00C67862 /* Images.xcassets in Resources */,
			);
			runOnlyForDeploymentPostprocessing = 0;
		};
		A62834F71B8A6F4E00C67862 /* Resources */ = {
			isa = PBXResourcesBuildPhase;
			buildActionMask = 2147483647;
			files = (
			);
			runOnlyForDeploymentPostprocessing = 0;
		};
/* End PBXResourcesBuildPhase section */

/* Begin PBXSourcesBuildPhase section */
		A62834DD1B8A6F4D00C67862 /* Sources */ = {
			isa = PBXSourcesBuildPhase;
			buildActionMask = 2147483647;
			files = (
				A62834EC1B8A6F4D00C67862 /* ViewController.swift in Sources */,
				A62834EA1B8A6F4D00C67862 /* SegmentedController.xcdatamodeld in Sources */,
				A62834E71B8A6F4D00C67862 /* AppDelegate.swift in Sources */,
			);
			runOnlyForDeploymentPostprocessing = 0;
		};
		A62834F51B8A6F4E00C67862 /* Sources */ = {
			isa = PBXSourcesBuildPhase;
			buildActionMask = 2147483647;
			files = (
				A62835001B8A6F4E00C67862 /* SegmentedControllerTests.swift in Sources */,
			);
			runOnlyForDeploymentPostprocessing = 0;
		};
/* End PBXSourcesBuildPhase section */

/* Begin PBXTargetDependency section */
		A62834FB1B8A6F4E00C67862 /* PBXTargetDependency */ = {
			isa = PBXTargetDependency;
			target = A62834E01B8A6F4D00C67862 /* SegmentedController */;
			targetProxy = A62834FA1B8A6F4E00C67862 /* PBXContainerItemProxy */;
		};
/* End PBXTargetDependency section */

/* Begin PBXVariantGroup section */
		A62834ED1B8A6F4D00C67862 /* Main.storyboard */ = {
			isa = PBXVariantGroup;
			children = (
				A62834EE1B8A6F4D00C67862 /* Base */,
			);
			name = Main.storyboard;
			sourceTree = "<group>";
		};
		A62834F21B8A6F4D00C67862 /* LaunchScreen.xib */ = {
			isa = PBXVariantGroup;
			children = (
				A62834F31B8A6F4D00C67862 /* Base */,
			);
			name = LaunchScreen.xib;
			sourceTree = "<group>";
		};
/* End PBXVariantGroup section */

/* Begin XCBuildConfiguration section */
		A62835011B8A6F4E00C67862 /* Debug */ = {
			isa = XCBuildConfiguration;
			buildSettings = {
				ALWAYS_SEARCH_USER_PATHS = NO;
				CLANG_CXX_LANGUAGE_STANDARD = "gnu++0x";
				CLANG_CXX_LIBRARY = "libc++";
				CLANG_ENABLE_MODULES = YES;
				CLANG_ENABLE_OBJC_ARC = YES;
				CLANG_WARN_BOOL_CONVERSION = YES;
				CLANG_WARN_CONSTANT_CONVERSION = YES;
				CLANG_WARN_DIRECT_OBJC_ISA_USAGE = YES_ERROR;
				CLANG_WARN_EMPTY_BODY = YES;
				CLANG_WARN_ENUM_CONVERSION = YES;
				CLANG_WARN_INT_CONVERSION = YES;
				CLANG_WARN_OBJC_ROOT_CLASS = YES_ERROR;
				CLANG_WARN_UNREACHABLE_CODE = YES;
				CLANG_WARN__DUPLICATE_METHOD_MATCH = YES;
				"CODE_SIGN_IDENTITY[sdk=iphoneos*]" = "iPhone Developer";
				COPY_PHASE_STRIP = NO;
				DEBUG_INFORMATION_FORMAT = "dwarf-with-dsym";
				ENABLE_STRICT_OBJC_MSGSEND = YES;
				GCC_C_LANGUAGE_STANDARD = gnu99;
				GCC_DYNAMIC_NO_PIC = NO;
				GCC_NO_COMMON_BLOCKS = YES;
				GCC_OPTIMIZATION_LEVEL = 0;
				GCC_PREPROCESSOR_DEFINITIONS = (
					"DEBUG=1",
					"$(inherited)",
				);
				GCC_SYMBOLS_PRIVATE_EXTERN = NO;
				GCC_WARN_64_TO_32_BIT_CONVERSION = YES;
				GCC_WARN_ABOUT_RETURN_TYPE = YES_ERROR;
				GCC_WARN_UNDECLARED_SELECTOR = YES;
				GCC_WARN_UNINITIALIZED_AUTOS = YES_AGGRESSIVE;
				GCC_WARN_UNUSED_FUNCTION = YES;
				GCC_WARN_UNUSED_VARIABLE = YES;
				IPHONEOS_DEPLOYMENT_TARGET = 8.4;
				MTL_ENABLE_DEBUG_INFO = YES;
				ONLY_ACTIVE_ARCH = YES;
				SDKROOT = iphoneos;
				SWIFT_OPTIMIZATION_LEVEL = "-Onone";
			};
			name = Debug;
		};
		A62835021B8A6F4E00C67862 /* Release */ = {
			isa = XCBuildConfiguration;
			buildSettings = {
				ALWAYS_SEARCH_USER_PATHS = NO;
				CLANG_CXX_LANGUAGE_STANDARD = "gnu++0x";
				CLANG_CXX_LIBRARY = "libc++";
				CLANG_ENABLE_MODULES = YES;
				CLANG_ENABLE_OBJC_ARC = YES;
				CLANG_WARN_BOOL_CONVERSION = YES;
				CLANG_WARN_CONSTANT_CONVERSION = YES;
				CLANG_WARN_DIRECT_OBJC_ISA_USAGE = YES_ERROR;
				CLANG_WARN_EMPTY_BODY = YES;
				CLANG_WARN_ENUM_CONVERSION = YES;
				CLANG_WARN_INT_CONVERSION = YES;
				CLANG_WARN_OBJC_ROOT_CLASS = YES_ERROR;
				CLANG_WARN_UNREACHABLE_CODE = YES;
				CLANG_WARN__DUPLICATE_METHOD_MATCH = YES;
				"CODE_SIGN_IDENTITY[sdk=iphoneos*]" = "iPhone Developer";
				COPY_PHASE_STRIP = NO;
				DEBUG_INFORMATION_FORMAT = "dwarf-with-dsym";
				ENABLE_NS_ASSERTIONS = NO;
				ENABLE_STRICT_OBJC_MSGSEND = YES;
				GCC_C_LANGUAGE_STANDARD = gnu99;
				GCC_NO_COMMON_BLOCKS = YES;
				GCC_WARN_64_TO_32_BIT_CONVERSION = YES;
				GCC_WARN_ABOUT_RETURN_TYPE = YES_ERROR;
				GCC_WARN_UNDECLARED_SELECTOR = YES;
				GCC_WARN_UNINITIALIZED_AUTOS = YES_AGGRESSIVE;
				GCC_WARN_UNUSED_FUNCTION = YES;
				GCC_WARN_UNUSED_VARIABLE = YES;
				IPHONEOS_DEPLOYMENT_TARGET = 8.4;
				MTL_ENABLE_DEBUG_INFO = NO;
				SDKROOT = iphoneos;
				VALIDATE_PRODUCT = YES;
			};
			name = Release;
		};
		A62835041B8A6F4E00C67862 /* Debug */ = {
			isa = XCBuildConfiguration;
			buildSettings = {
				ASSETCATALOG_COMPILER_APPICON_NAME = AppIcon;
				INFOPLIST_FILE = SegmentedController/Info.plist;
				LD_RUNPATH_SEARCH_PATHS = "$(inherited) @executable_path/Frameworks";
				PRODUCT_NAME = "$(TARGET_NAME)";
			};
			name = Debug;
		};
		A62835051B8A6F4E00C67862 /* Release */ = {
			isa = XCBuildConfiguration;
			buildSettings = {
				ASSETCATALOG_COMPILER_APPICON_NAME = AppIcon;
				INFOPLIST_FILE = SegmentedController/Info.plist;
				LD_RUNPATH_SEARCH_PATHS = "$(inherited) @executable_path/Frameworks";
				PRODUCT_NAME = "$(TARGET_NAME)";
			};
			name = Release;
		};
		A62835071B8A6F4E00C67862 /* Debug */ = {
			isa = XCBuildConfiguration;
			buildSettings = {
				BUNDLE_LOADER = "$(TEST_HOST)";
				FRAMEWORK_SEARCH_PATHS = (
					"$(SDKROOT)/Developer/Library/Frameworks",
					"$(inherited)",
				);
				GCC_PREPROCESSOR_DEFINITIONS = (
					"DEBUG=1",
					"$(inherited)",
				);
				INFOPLIST_FILE = SegmentedControllerTests/Info.plist;
				LD_RUNPATH_SEARCH_PATHS = "$(inherited) @executable_path/Frameworks @loader_path/Frameworks";
				PRODUCT_NAME = "$(TARGET_NAME)";
				TEST_HOST = "$(BUILT_PRODUCTS_DIR)/SegmentedController.app/SegmentedController";
			};
			name = Debug;
		};
		A62835081B8A6F4E00C67862 /* Release */ = {
			isa = XCBuildConfiguration;
			buildSettings = {
				BUNDLE_LOADER = "$(TEST_HOST)";
				FRAMEWORK_SEARCH_PATHS = (
					"$(SDKROOT)/Developer/Library/Frameworks",
					"$(inherited)",
				);
				INFOPLIST_FILE = SegmentedControllerTests/Info.plist;
				LD_RUNPATH_SEARCH_PATHS = "$(inherited) @executable_path/Frameworks @loader_path/Frameworks";
				PRODUCT_NAME = "$(TARGET_NAME)";
				TEST_HOST = "$(BUILT_PRODUCTS_DIR)/SegmentedController.app/SegmentedController";
			};
			name = Release;
		};
/* End XCBuildConfiguration section */

/* Begin XCConfigurationList section */
		A62834DC1B8A6F4D00C67862 /* Build configuration list for PBXProject "SegmentedController" */ = {
			isa = XCConfigurationList;
			buildConfigurations = (
				A62835011B8A6F4E00C67862 /* Debug */,
				A62835021B8A6F4E00C67862 /* Release */,
			);
			defaultConfigurationIsVisible = 0;
			defaultConfigurationName = Release;
		};
		A62835031B8A6F4E00C67862 /* Build configuration list for PBXNativeTarget "SegmentedController" */ = {
			isa = XCConfigurationList;
			buildConfigurations = (
				A62835041B8A6F4E00C67862 /* Debug */,
				A62835051B8A6F4E00C67862 /* Release */,
			);
			defaultConfigurationIsVisible = 0;
		};
		A62835061B8A6F4E00C67862 /* Build configuration list for PBXNativeTarget "SegmentedControllerTests" */ = {
			isa = XCConfigurationList;
			buildConfigurations = (
				A62835071B8A6F4E00C67862 /* Debug */,
				A62835081B8A6F4E00C67862 /* Release */,
			);
			defaultConfigurationIsVisible = 0;
		};
/* End XCConfigurationList section */

/* Begin XCVersionGroup section */
		A62834E81B8A6F4D00C67862 /* SegmentedController.xcdatamodeld */ = {
			isa = XCVersionGroup;
			children = (
				A62834E91B8A6F4D00C67862 /* SegmentedController.xcdatamodel */,
			);
			currentVersion = A62834E91B8A6F4D00C67862 /* SegmentedController.xcdatamodel */;
			path = SegmentedController.xcdatamodeld;
			sourceTree = "<group>";
			versionGroupType = wrapper.xcdatamodel;
		};
/* End XCVersionGroup section */
	};
	rootObject = A62834D91B8A6F4D00C67862 /* Project object */;
}
