// !$*UTF8*$!
{
	archiveVersion = 1;
	classes = {
	};
	objectVersion = 46;
	objects = {

/* Begin PBXBuildFile section */
		A62833E81B89A0B100C67862 /* AppDelegate.swift in Sources */ = {isa = PBXBuildFile; fileRef = A62833E71B89A0B100C67862 /* AppDelegate.swift */; };
		A62833EB1B89A0B100C67862 /* TableViewPassingData.xcdatamodeld in Sources */ = {isa = PBXBuildFile; fileRef = A62833E91B89A0B100C67862 /* TableViewPassingData.xcdatamodeld */; };
		A62833ED1B89A0B100C67862 /* FirstTableViewController.swift in Sources */ = {isa = PBXBuildFile; fileRef = A62833EC1B89A0B100C67862 /* FirstTableViewController.swift */; };
		A62833F01B89A0B100C67862 /* Main.storyboard in Resources */ = {isa = PBXBuildFile; fileRef = A62833EE1B89A0B100C67862 /* Main.storyboard */; };
		A62833F21B89A0B100C67862 /* Images.xcassets in Resources */ = {isa = PBXBuildFile; fileRef = A62833F11B89A0B100C67862 /* Images.xcassets */; };
		A62833F51B89A0B100C67862 /* LaunchScreen.xib in Resources */ = {isa = PBXBuildFile; fileRef = A62833F31B89A0B100C67862 /* LaunchScreen.xib */; };
		A62834011B89A0B100C67862 /* TableViewPassingDataTests.swift in Sources */ = {isa = PBXBuildFile; fileRef = A62834001B89A0B100C67862 /* TableViewPassingDataTests.swift */; };
/* End PBXBuildFile section */

/* Begin PBXContainerItemProxy section */
		A62833FB1B89A0B100C67862 /* PBXContainerItemProxy */ = {
			isa = PBXContainerItemProxy;
			containerPortal = A62833DA1B89A0B100C67862 /* Project object */;
			proxyType = 1;
			remoteGlobalIDString = A62833E11B89A0B100C67862;
			remoteInfo = TableViewPassingData;
		};
/* End PBXContainerItemProxy section */

/* Begin PBXFileReference section */
		A62833E21B89A0B100C67862 /* TableViewPassingData.app */ = {isa = PBXFileReference; explicitFileType = wrapper.application; includeInIndex = 0; path = TableViewPassingData.app; sourceTree = BUILT_PRODUCTS_DIR; };
		A62833E61B89A0B100C67862 /* Info.plist */ = {isa = PBXFileReference; lastKnownFileType = text.plist.xml; path = Info.plist; sourceTree = "<group>"; };
		A62833E71B89A0B100C67862 /* AppDelegate.swift */ = {isa = PBXFileReference; lastKnownFileType = sourcecode.swift; path = AppDelegate.swift; sourceTree = "<group>"; };
		A62833EA1B89A0B100C67862 /* TableViewPassingData.xcdatamodel */ = {isa = PBXFileReference; lastKnownFileType = wrapper.xcdatamodel; path = TableViewPassingData.xcdatamodel; sourceTree = "<group>"; };
		A62833EC1B89A0B100C67862 /* FirstTableViewController.swift */ = {isa = PBXFileReference; lastKnownFileType = sourcecode.swift; path = FirstTableViewController.swift; sourceTree = "<group>"; };
		A62833EF1B89A0B100C67862 /* Base */ = {isa = PBXFileReference; lastKnownFileType = file.storyboard; name = Base; path = Base.lproj/Main.storyboard; sourceTree = "<group>"; };
		A62833F11B89A0B100C67862 /* Images.xcassets */ = {isa = PBXFileReference; lastKnownFileType = folder.assetcatalog; path = Images.xcassets; sourceTree = "<group>"; };
		A62833F41B89A0B100C67862 /* Base */ = {isa = PBXFileReference; lastKnownFileType = file.xib; name = Base; path = Base.lproj/LaunchScreen.xib; sourceTree = "<group>"; };
		A62833FA1B89A0B100C67862 /* TableViewPassingDataTests.xctest */ = {isa = PBXFileReference; explicitFileType = wrapper.cfbundle; includeInIndex = 0; path = TableViewPassingDataTests.xctest; sourceTree = BUILT_PRODUCTS_DIR; };
		A62833FF1B89A0B100C67862 /* Info.plist */ = {isa = PBXFileReference; lastKnownFileType = text.plist.xml; path = Info.plist; sourceTree = "<group>"; };
		A62834001B89A0B100C67862 /* TableViewPassingDataTests.swift */ = {isa = PBXFileReference; lastKnownFileType = sourcecode.swift; path = TableViewPassingDataTests.swift; sourceTree = "<group>"; };
/* End PBXFileReference section */

/* Begin PBXFrameworksBuildPhase section */
		A62833DF1B89A0B100C67862 /* Frameworks */ = {
			isa = PBXFrameworksBuildPhase;
			buildActionMask = 2147483647;
			files = (
			);
			runOnlyForDeploymentPostprocessing = 0;
		};
		A62833F71B89A0B100C67862 /* Frameworks */ = {
			isa = PBXFrameworksBuildPhase;
			buildActionMask = 2147483647;
			files = (
			);
			runOnlyForDeploymentPostprocessing = 0;
		};
/* End PBXFrameworksBuildPhase section */

/* Begin PBXGroup section */
		A62833D91B89A0B100C67862 = {
			isa = PBXGroup;
			children = (
				A62833E41B89A0B100C67862 /* TableViewPassingData */,
				A62833FD1B89A0B100C67862 /* TableViewPassingDataTests */,
				A62833E31B89A0B100C67862 /* Products */,
			);
			sourceTree = "<group>";
		};
		A62833E31B89A0B100C67862 /* Products */ = {
			isa = PBXGroup;
			children = (
				A62833E21B89A0B100C67862 /* TableViewPassingData.app */,
				A62833FA1B89A0B100C67862 /* TableViewPassingDataTests.xctest */,
			);
			name = Products;
			sourceTree = "<group>";
		};
		A62833E41B89A0B100C67862 /* TableViewPassingData */ = {
			isa = PBXGroup;
			children = (
				A62833E71B89A0B100C67862 /* AppDelegate.swift */,
				A62833EC1B89A0B100C67862 /* FirstTableViewController.swift */,
				A62833EE1B89A0B100C67862 /* Main.storyboard */,
				A62833F11B89A0B100C67862 /* Images.xcassets */,
				A62833F31B89A0B100C67862 /* LaunchScreen.xib */,
				A62833E91B89A0B100C67862 /* TableViewPassingData.xcdatamodeld */,
				A62833E51B89A0B100C67862 /* Supporting Files */,
			);
			path = TableViewPassingData;
			sourceTree = "<group>";
		};
		A62833E51B89A0B100C67862 /* Supporting Files */ = {
			isa = PBXGroup;
			children = (
				A62833E61B89A0B100C67862 /* Info.plist */,
			);
			name = "Supporting Files";
			sourceTree = "<group>";
		};
		A62833FD1B89A0B100C67862 /* TableViewPassingDataTests */ = {
			isa = PBXGroup;
			children = (
				A62834001B89A0B100C67862 /* TableViewPassingDataTests.swift */,
				A62833FE1B89A0B100C67862 /* Supporting Files */,
			);
			path = TableViewPassingDataTests;
			sourceTree = "<group>";
		};
		A62833FE1B89A0B100C67862 /* Supporting Files */ = {
			isa = PBXGroup;
			children = (
				A62833FF1B89A0B100C67862 /* Info.plist */,
			);
			name = "Supporting Files";
			sourceTree = "<group>";
		};
/* End PBXGroup section */

/* Begin PBXNativeTarget section */
		A62833E11B89A0B100C67862 /* TableViewPassingData */ = {
			isa = PBXNativeTarget;
			buildConfigurationList = A62834041B89A0B100C67862 /* Build configuration list for PBXNativeTarget "TableViewPassingData" */;
			buildPhases = (
				A62833DE1B89A0B100C67862 /* Sources */,
				A62833DF1B89A0B100C67862 /* Frameworks */,
				A62833E01B89A0B100C67862 /* Resources */,
			);
			buildRules = (
			);
			dependencies = (
			);
			name = TableViewPassingData;
			productName = TableViewPassingData;
			productReference = A62833E21B89A0B100C67862 /* TableViewPassingData.app */;
			productType = "com.apple.product-type.application";
		};
		A62833F91B89A0B100C67862 /* TableViewPassingDataTests */ = {
			isa = PBXNativeTarget;
			buildConfigurationList = A62834071B89A0B100C67862 /* Build configuration list for PBXNativeTarget "TableViewPassingDataTests" */;
			buildPhases = (
				A62833F61B89A0B100C67862 /* Sources */,
				A62833F71B89A0B100C67862 /* Frameworks */,
				A62833F81B89A0B100C67862 /* Resources */,
			);
			buildRules = (
			);
			dependencies = (
				A62833FC1B89A0B100C67862 /* PBXTargetDependency */,
			);
			name = TableViewPassingDataTests;
			productName = TableViewPassingDataTests;
			productReference = A62833FA1B89A0B100C67862 /* TableViewPassingDataTests.xctest */;
			productType = "com.apple.product-type.bundle.unit-test";
		};
/* End PBXNativeTarget section */

/* Begin PBXProject section */
		A62833DA1B89A0B100C67862 /* Project object */ = {
			isa = PBXProject;
			attributes = {
				LastUpgradeCheck = 0640;
				ORGANIZATIONNAME = DevBros;
				TargetAttributes = {
					A62833E11B89A0B100C67862 = {
						CreatedOnToolsVersion = 6.4;
					};
					A62833F91B89A0B100C67862 = {
						CreatedOnToolsVersion = 6.4;
						TestTargetID = A62833E11B89A0B100C67862;
					};
				};
			};
			buildConfigurationList = A62833DD1B89A0B100C67862 /* Build configuration list for PBXProject "TableViewPassingData" */;
			compatibilityVersion = "Xcode 3.2";
			developmentRegion = English;
			hasScannedForEncodings = 0;
			knownRegions = (
				en,
				Base,
			);
			mainGroup = A62833D91B89A0B100C67862;
			productRefGroup = A62833E31B89A0B100C67862 /* Products */;
			projectDirPath = "";
			projectRoot = "";
			targets = (
				A62833E11B89A0B100C67862 /* TableViewPassingData */,
				A62833F91B89A0B100C67862 /* TableViewPassingDataTests */,
			);
		};
/* End PBXProject section */

/* Begin PBXResourcesBuildPhase section */
		A62833E01B89A0B100C67862 /* Resources */ = {
			isa = PBXResourcesBuildPhase;
			buildActionMask = 2147483647;
			files = (
				A62833F01B89A0B100C67862 /* Main.storyboard in Resources */,
				A62833F51B89A0B100C67862 /* LaunchScreen.xib in Resources */,
				A62833F21B89A0B100C67862 /* Images.xcassets in Resources */,
			);
			runOnlyForDeploymentPostprocessing = 0;
		};
		A62833F81B89A0B100C67862 /* Resources */ = {
			isa = PBXResourcesBuildPhase;
			buildActionMask = 2147483647;
			files = (
			);
			runOnlyForDeploymentPostprocessing = 0;
		};
/* End PBXResourcesBuildPhase section */

/* Begin PBXSourcesBuildPhase section */
		A62833DE1B89A0B100C67862 /* Sources */ = {
			isa = PBXSourcesBuildPhase;
			buildActionMask = 2147483647;
			files = (
				A62833ED1B89A0B100C67862 /* FirstTableViewController.swift in Sources */,
				A62833E81B89A0B100C67862 /* AppDelegate.swift in Sources */,
				A62833EB1B89A0B100C67862 /* TableViewPassingData.xcdatamodeld in Sources */,
			);
			runOnlyForDeploymentPostprocessing = 0;
		};
		A62833F61B89A0B100C67862 /* Sources */ = {
			isa = PBXSourcesBuildPhase;
			buildActionMask = 2147483647;
			files = (
				A62834011B89A0B100C67862 /* TableViewPassingDataTests.swift in Sources */,
			);
			runOnlyForDeploymentPostprocessing = 0;
		};
/* End PBXSourcesBuildPhase section */

/* Begin PBXTargetDependency section */
		A62833FC1B89A0B100C67862 /* PBXTargetDependency */ = {
			isa = PBXTargetDependency;
			target = A62833E11B89A0B100C67862 /* TableViewPassingData */;
			targetProxy = A62833FB1B89A0B100C67862 /* PBXContainerItemProxy */;
		};
/* End PBXTargetDependency section */

/* Begin PBXVariantGroup section */
		A62833EE1B89A0B100C67862 /* Main.storyboard */ = {
			isa = PBXVariantGroup;
			children = (
				A62833EF1B89A0B100C67862 /* Base */,
			);
			name = Main.storyboard;
			sourceTree = "<group>";
		};
		A62833F31B89A0B100C67862 /* LaunchScreen.xib */ = {
			isa = PBXVariantGroup;
			children = (
				A62833F41B89A0B100C67862 /* Base */,
			);
			name = LaunchScreen.xib;
			sourceTree = "<group>";
		};
/* End PBXVariantGroup section */

/* Begin XCBuildConfiguration section */
		A62834021B89A0B100C67862 /* Debug */ = {
			isa = XCBuildConfiguration;
			buildSettings = {
				ALWAYS_SEARCH_USER_PATHS = NO;
				CLANG_CXX_LANGUAGE_STANDARD = "gnu++0x";
				CLANG_CXX_LIBRARY = "libc++";
				CLANG_ENABLE_MODULES = YES;
				CLANG_ENABLE_OBJC_ARC = YES;
				CLANG_WARN_BOOL_CONVERSION = YES;
				CLANG_WARN_CONSTANT_CONVERSION = YES;
				CLANG_WARN_DIRECT_OBJC_ISA_USAGE = YES_ERROR;
				CLANG_WARN_EMPTY_BODY = YES;
				CLANG_WARN_ENUM_CONVERSION = YES;
				CLANG_WARN_INT_CONVERSION = YES;
				CLANG_WARN_OBJC_ROOT_CLASS = YES_ERROR;
				CLANG_WARN_UNREACHABLE_CODE = YES;
				CLANG_WARN__DUPLICATE_METHOD_MATCH = YES;
				"CODE_SIGN_IDENTITY[sdk=iphoneos*]" = "iPhone Developer";
				COPY_PHASE_STRIP = NO;
				DEBUG_INFORMATION_FORMAT = "dwarf-with-dsym";
				ENABLE_STRICT_OBJC_MSGSEND = YES;
				GCC_C_LANGUAGE_STANDARD = gnu99;
				GCC_DYNAMIC_NO_PIC = NO;
				GCC_NO_COMMON_BLOCKS = YES;
				GCC_OPTIMIZATION_LEVEL = 0;
				GCC_PREPROCESSOR_DEFINITIONS = (
					"DEBUG=1",
					"$(inherited)",
				);
				GCC_SYMBOLS_PRIVATE_EXTERN = NO;
				GCC_WARN_64_TO_32_BIT_CONVERSION = YES;
				GCC_WARN_ABOUT_RETURN_TYPE = YES_ERROR;
				GCC_WARN_UNDECLARED_SELECTOR = YES;
				GCC_WARN_UNINITIALIZED_AUTOS = YES_AGGRESSIVE;
				GCC_WARN_UNUSED_FUNCTION = YES;
				GCC_WARN_UNUSED_VARIABLE = YES;
				IPHONEOS_DEPLOYMENT_TARGET = 8.4;
				MTL_ENABLE_DEBUG_INFO = YES;
				ONLY_ACTIVE_ARCH = YES;
				SDKROOT = iphoneos;
				SWIFT_OPTIMIZATION_LEVEL = "-Onone";
			};
			name = Debug;
		};
		A62834031B89A0B100C67862 /* Release */ = {
			isa = XCBuildConfiguration;
			buildSettings = {
				ALWAYS_SEARCH_USER_PATHS = NO;
				CLANG_CXX_LANGUAGE_STANDARD = "gnu++0x";
				CLANG_CXX_LIBRARY = "libc++";
				CLANG_ENABLE_MODULES = YES;
				CLANG_ENABLE_OBJC_ARC = YES;
				CLANG_WARN_BOOL_CONVERSION = YES;
				CLANG_WARN_CONSTANT_CONVERSION = YES;
				CLANG_WARN_DIRECT_OBJC_ISA_USAGE = YES_ERROR;
				CLANG_WARN_EMPTY_BODY = YES;
				CLANG_WARN_ENUM_CONVERSION = YES;
				CLANG_WARN_INT_CONVERSION = YES;
				CLANG_WARN_OBJC_ROOT_CLASS = YES_ERROR;
				CLANG_WARN_UNREACHABLE_CODE = YES;
				CLANG_WARN__DUPLICATE_METHOD_MATCH = YES;
				"CODE_SIGN_IDENTITY[sdk=iphoneos*]" = "iPhone Developer";
				COPY_PHASE_STRIP = NO;
				DEBUG_INFORMATION_FORMAT = "dwarf-with-dsym";
				ENABLE_NS_ASSERTIONS = NO;
				ENABLE_STRICT_OBJC_MSGSEND = YES;
				GCC_C_LANGUAGE_STANDARD = gnu99;
				GCC_NO_COMMON_BLOCKS = YES;
				GCC_WARN_64_TO_32_BIT_CONVERSION = YES;
				GCC_WARN_ABOUT_RETURN_TYPE = YES_ERROR;
				GCC_WARN_UNDECLARED_SELECTOR = YES;
				GCC_WARN_UNINITIALIZED_AUTOS = YES_AGGRESSIVE;
				GCC_WARN_UNUSED_FUNCTION = YES;
				GCC_WARN_UNUSED_VARIABLE = YES;
				IPHONEOS_DEPLOYMENT_TARGET = 8.4;
				MTL_ENABLE_DEBUG_INFO = NO;
				SDKROOT = iphoneos;
				VALIDATE_PRODUCT = YES;
			};
			name = Release;
		};
		A62834051B89A0B100C67862 /* Debug */ = {
			isa = XCBuildConfiguration;
			buildSettings = {
				ASSETCATALOG_COMPILER_APPICON_NAME = AppIcon;
				INFOPLIST_FILE = TableViewPassingData/Info.plist;
				LD_RUNPATH_SEARCH_PATHS = "$(inherited) @executable_path/Frameworks";
				PRODUCT_NAME = "$(TARGET_NAME)";
			};
			name = Debug;
		};
		A62834061B89A0B100C67862 /* Release */ = {
			isa = XCBuildConfiguration;
			buildSettings = {
				ASSETCATALOG_COMPILER_APPICON_NAME = AppIcon;
				INFOPLIST_FILE = TableViewPassingData/Info.plist;
				LD_RUNPATH_SEARCH_PATHS = "$(inherited) @executable_path/Frameworks";
				PRODUCT_NAME = "$(TARGET_NAME)";
			};
			name = Release;
		};
		A62834081B89A0B100C67862 /* Debug */ = {
			isa = XCBuildConfiguration;
			buildSettings = {
				BUNDLE_LOADER = "$(TEST_HOST)";
				FRAMEWORK_SEARCH_PATHS = (
					"$(SDKROOT)/Developer/Library/Frameworks",
					"$(inherited)",
				);
				GCC_PREPROCESSOR_DEFINITIONS = (
					"DEBUG=1",
					"$(inherited)",
				);
				INFOPLIST_FILE = TableViewPassingDataTests/Info.plist;
				LD_RUNPATH_SEARCH_PATHS = "$(inherited) @executable_path/Frameworks @loader_path/Frameworks";
				PRODUCT_NAME = "$(TARGET_NAME)";
				TEST_HOST = "$(BUILT_PRODUCTS_DIR)/TableViewPassingData.app/TableViewPassingData";
			};
			name = Debug;
		};
		A62834091B89A0B100C67862 /* Release */ = {
			isa = XCBuildConfiguration;
			buildSettings = {
				BUNDLE_LOADER = "$(TEST_HOST)";
				FRAMEWORK_SEARCH_PATHS = (
					"$(SDKROOT)/Developer/Library/Frameworks",
					"$(inherited)",
				);
				INFOPLIST_FILE = TableViewPassingDataTests/Info.plist;
				LD_RUNPATH_SEARCH_PATHS = "$(inherited) @executable_path/Frameworks @loader_path/Frameworks";
				PRODUCT_NAME = "$(TARGET_NAME)";
				TEST_HOST = "$(BUILT_PRODUCTS_DIR)/TableViewPassingData.app/TableViewPassingData";
			};
			name = Release;
		};
/* End XCBuildConfiguration section */

/* Begin XCConfigurationList section */
		A62833DD1B89A0B100C67862 /* Build configuration list for PBXProject "TableViewPassingData" */ = {
			isa = XCConfigurationList;
			buildConfigurations = (
				A62834021B89A0B100C67862 /* Debug */,
				A62834031B89A0B100C67862 /* Release */,
			);
			defaultConfigurationIsVisible = 0;
			defaultConfigurationName = Release;
		};
		A62834041B89A0B100C67862 /* Build configuration list for PBXNativeTarget "TableViewPassingData" */ = {
			isa = XCConfigurationList;
			buildConfigurations = (
				A62834051B89A0B100C67862 /* Debug */,
				A62834061B89A0B100C67862 /* Release */,
			);
			defaultConfigurationIsVisible = 0;
		};
		A62834071B89A0B100C67862 /* Build configuration list for PBXNativeTarget "TableViewPassingDataTests" */ = {
			isa = XCConfigurationList;
			buildConfigurations = (
				A62834081B89A0B100C67862 /* Debug */,
				A62834091B89A0B100C67862 /* Release */,
			);
			defaultConfigurationIsVisible = 0;
		};
/* End XCConfigurationList section */

/* Begin XCVersionGroup section */
		A62833E91B89A0B100C67862 /* TableViewPassingData.xcdatamodeld */ = {
			isa = XCVersionGroup;
			children = (
				A62833EA1B89A0B100C67862 /* TableViewPassingData.xcdatamodel */,
			);
			currentVersion = A62833EA1B89A0B100C67862 /* TableViewPassingData.xcdatamodel */;
			path = TableViewPassingData.xcdatamodeld;
			sourceTree = "<group>";
			versionGroupType = wrapper.xcdatamodel;
		};
/* End XCVersionGroup section */
	};
	rootObject = A62833DA1B89A0B100C67862 /* Project object */;
}
